{
  "nodes": {
    "nixpkgs": {
      "locked": {
        "lastModified": 1751899146,
        "narHash": "sha256-XmyGMCVZEVvY/KbWoAX+4LqDfvpzUny83RUzGsX3CjI=",
        "owner": "wolfgangwalther",
        "repo": "nixpkgs",
        "rev": "abd8015915201ea44889ee0f1286b47fb900577a",
        "type": "github"
      },
      "original": {
        "owner": "wolfgangwalther",
        "ref": "haskell-static-template-haskell",
        "repo": "nixpkgs",
        "type": "github"
      }
    },
    "root": {
      "inputs": {
        "nixpkgs": "nixpkgs"
      }
    }
  },
  "root": "root",
  "version": 7
}
