{
  "nodes": {
    "nixpkgs-lib": {
      "locked": {
        "lastModified": 1742692082,
        "narHash": "sha256-s3XOULQj7BVO7myY5V4Sob0tRZ7nRpwEOIzXg/MkD/Q=",
        "owner": "nix-community",
        "repo": "nixpkgs.lib",
        "rev": "a09310bc940f245e51b1ffea68731244ca38f2bd",
        "type": "github"
      },
      "original": {
        "owner": "nix-community",
        "repo": "nixpkgs.lib",
        "type": "github"
      }
    },
    "root": {
      "inputs": {
        "nixpkgs-lib": "nixpkgs-lib"
      }
    }
  },
  "root": "root",
  "version": 7
}
