{
  "nodes": {
    "nixpkgs": {
      "locked": {
        "lastModified": 1779177828,
        "narHash": "sha256-LCuIW0kiSTboZfrHi8j8XeW0eSSuemgZb3F2qh/8ls4=",
        "owner": "wolfgangwalther",
        "repo": "nixpkgs",
        "rev": "902290b17a41239f0d0001f5e95670240de4104c",
        "type": "github"
      },
      "original": {
        "owner": "wolfgangwalther",
        "ref": "orioledb-latest",
        "repo": "nixpkgs",
        "type": "github"
      }
    },
    "root": {
      "inputs": {
        "nixpkgs": "nixpkgs"
      }
    }
  },
  "root": "root",
  "version": 7
}
