# This file was autogenerated by Stack.
# You should not edit this file by hand.
# For more information, please see the documentation at:
#   https://docs.haskellstack.org/en/stable/lock_files

packages:
- completed:
    hackage: configurator-pg-0.2.7@sha256:7327ce30c3b6bc50930efa73e2e215c8f62857564483edbbe5a75920057ef764,2849
    pantry-tree:
      sha256: 023bd4835a7ac2624c44d3bbb26e99000994ce953d11d853c0f194278983d4dc
      size: 2463
  original:
    hackage: configurator-pg-0.2.7
- completed:
    hackage: fuzzyset-0.3.1@sha256:344e16deedb43da5cabae558450e5710843cff7ac2f3073be9db453c6f3a3fb7,2373
    pantry-tree:
      sha256: 89e22c2ce70a7c7c4b599ffe2546cda5699e4f8f15410eac49f39af8c4c381c8
      size: 643
  original:
    hackage: fuzzyset-0.3.1
- completed:
    hackage: hasql-notifications-0.2.1.0@sha256:c9c0ba3ac0866142836d2d0a08a0d10a945bcbe1c163ee1ef6aed407d046a24e,2022
    pantry-tree:
      sha256: 65a646ed0a77ee1dfe902faedc590103ee385eaa78f407c4cf02a1eb5783d464
      size: 452
  original:
    hackage: hasql-notifications-0.2.1.0
- completed:
    hackage: hasql-pool-0.10@sha256:912197a328acb85505f98bb9700d61f366b87659ca45126c5c2d636687b801c3,2112
    pantry-tree:
      sha256: b655c540a49764a8d16b62941137e295b936b96edc0785eb9250972f0f92dc47
      size: 346
  original:
    hackage: hasql-pool-0.10
- completed:
    hackage: megaparsec-9.2.2@sha256:c306a135ec25d91d252032c6128f03598a00e87ea12fcf5fc4878fdffc75c768,3219
    pantry-tree:
      sha256: db9715d6910e64d3bbfce69895042a66fcdcd64a54805563834bf0821562b74f
      size: 1518
  original:
    hackage: megaparsec-9.2.2
- completed:
    hackage: postgresql-libpq-0.10.0.0@sha256:5c1cafdc2e3e5c0036b6801b10b6f14ae95b98428d6c88bc8ae560bd700d0ef7,3089
    pantry-tree:
      sha256: a7790b5283fc1510bde9e7c70772cdbf1ad6a3bad32ea966c6fc95e1b3c524c7
      size: 1019
  original:
    hackage: postgresql-libpq-0.10.0.0
snapshots:
- completed:
    sha256: 23bb9bb355bfdb1635252e120a29b712f0d5e8a6c6a65c5ab5bd6692f46c438e
    size: 640457
    url: https://raw.githubusercontent.com/commercialhaskell/stackage-snapshots/master/lts/21/7.yaml
  original: lts-21.7
