# This file was autogenerated by Stack.
# You should not edit this file by hand.
# For more information, please see the documentation at:
#   https://docs.haskellstack.org/en/stable/lock_files

packages:
- completed:
    hackage: configurator-pg-0.2.10@sha256:dbb9381c4f491b838214289c59d465eff99f6b569334a98ccf836548970e0f49,2786
    pantry-tree:
      sha256: a6dc0197c8c8515877ff579c088511edcf2d1090d9a73ac618d884101d6cbed8
      size: 2463
  original:
    hackage: configurator-pg-0.2.10
- completed:
    hackage: fuzzyset-0.2.4@sha256:f1b6de8bf33277bf6255207541d65028f1f1ea93af5541b654c86b5674995485,1618
    pantry-tree:
      sha256: cee68e8d88f530e9e0588b81b260236936fe3318ef9a66e9f43f680b4cd5f76e
      size: 574
  original:
    hackage: fuzzyset-0.2.4
- completed:
    hackage: hasql-notifications-0.2.2.2@sha256:d1d6bc0d3ee5e418fc12ea023b78739e0decba6c34e2b43bec55b89e18bd4412,2025
    pantry-tree:
      sha256: 83a9cbb179b1efd0b2acd6509583c7afcdbe63469ab033d8581d48d675a80b44
      size: 452
  original:
    hackage: hasql-notifications-0.2.2.2
- completed:
    hackage: hasql-pool-1.0.1@sha256:3cfb4c7153a6c536ac7e126c17723e6d26ee03794954deed2d72bcc826d05a40,2302
    pantry-tree:
      sha256: d98e1269bdd60989b0eb0b84e1d5357eaa9f92821439d9f206663b7251ee95b2
      size: 799
  original:
    hackage: hasql-pool-1.0.1
- completed:
    hackage: postgresql-libpq-0.10.1.0@sha256:6b580c9d5068e78eecc13e655b2885c8e79cdacfca513c5d1e5a6b9dc61d9758,3166
    pantry-tree:
      sha256: ae81e7628a8f3d1ef33ace71fa0845c073c003ca7f1150cc9d9ba1e55fc84236
      size: 1096
  original:
    hackage: postgresql-libpq-0.10.1.0
snapshots:
- completed:
    sha256: 23bb9bb355bfdb1635252e120a29b712f0d5e8a6c6a65c5ab5bd6692f46c438e
    size: 640457
    url: https://raw.githubusercontent.com/commercialhaskell/stackage-snapshots/master/lts/21/7.yaml
  original: lts-21.7
