# This file was autogenerated by Stack.
# You should not edit this file by hand.
# For more information, please see the documentation at:
#   https://docs.haskellstack.org/en/stable/topics/lock_files

packages:
- completed:
    hackage: configurator-pg-0.2.11@sha256:de0c56386591e85159436b0af04a8f15a4f4e156354e99709676c2c2ee959505,2850
    pantry-tree:
      sha256: 7b4daa4ea970335414f26b313a168cd12182b7b34ea8af2616c83d38699c4301
      size: 2527
  original:
    hackage: configurator-pg-0.2.11
- completed:
    hackage: fuzzyset-0.2.4@sha256:f1b6de8bf33277bf6255207541d65028f1f1ea93af5541b654c86b5674995485,1618
    pantry-tree:
      sha256: cee68e8d88f530e9e0588b81b260236936fe3318ef9a66e9f43f680b4cd5f76e
      size: 574
  original:
    hackage: fuzzyset-0.2.4
- completed:
    hackage: hasql-pool-1.0.1@sha256:3cfb4c7153a6c536ac7e126c17723e6d26ee03794954deed2d72bcc826d05a40,2302
    pantry-tree:
      sha256: d98e1269bdd60989b0eb0b84e1d5357eaa9f92821439d9f206663b7251ee95b2
      size: 799
  original:
    hackage: hasql-pool-1.0.1
- completed:
    hackage: jose-jwt-0.10.0@sha256:6ed175a01c721e317ceea15eb251a81de145c03711a977517935633a5cdec1d4,3546
    pantry-tree:
      sha256: 58649e68e2d1adb47d8ed8741bd27ac23a2f19e3ee62bc28a68ac8642b3e0858
      size: 1231
  original:
    hackage: jose-jwt-0.10.0
- completed:
    hackage: postgresql-libpq-0.10.1.0@sha256:6b580c9d5068e78eecc13e655b2885c8e79cdacfca513c5d1e5a6b9dc61d9758,3166
    pantry-tree:
      sha256: ae81e7628a8f3d1ef33ace71fa0845c073c003ca7f1150cc9d9ba1e55fc84236
      size: 1096
  original:
    hackage: postgresql-libpq-0.10.1.0
- completed:
    hackage: streaming-commons-0.2.3.1@sha256:ed7999fea9e912b1211ea93d7e20a7998bf4753166370c94048885650f303bf0,4841
    pantry-tree:
      sha256: f08e83fb00fd45865fa8cfdef5ecef7161d5135257ee98050bfbe4b807ad65f8
      size: 2374
  original:
    hackage: streaming-commons-0.2.3.1
- completed:
    name: hs-opentelemetry-sdk
    pantry-tree:
      sha256: 0fb0b0c61cb211beb26cee796899ede2f79b02bd08dfd930d0eaf44e35b9b9c5
      size: 2037
    sha256: 10a4e1213b6ff743a2d6ebe6d6ba49fc1fd09a46b291dbac6682db53fe383cbd
    size: 633938
    subdir: sdk
    url: https://github.com/iand675/hs-opentelemetry/archive/adc464b0a45e56a983fa1441be6e432b50c29e0e.tar.gz
    version: 0.1.0.1
  original:
    subdir: sdk
    url: https://github.com/iand675/hs-opentelemetry/archive/adc464b0a45e56a983fa1441be6e432b50c29e0e.tar.gz
- completed:
    name: hs-opentelemetry-api
    pantry-tree:
      sha256: 5a7d9216b945de2b4ae4490328e65145a047091f500ed5143ed653c66bf19d13
      size: 4811
    sha256: 10a4e1213b6ff743a2d6ebe6d6ba49fc1fd09a46b291dbac6682db53fe383cbd
    size: 633938
    subdir: api
    url: https://github.com/iand675/hs-opentelemetry/archive/adc464b0a45e56a983fa1441be6e432b50c29e0e.tar.gz
    version: 0.3.0.0
  original:
    subdir: api
    url: https://github.com/iand675/hs-opentelemetry/archive/adc464b0a45e56a983fa1441be6e432b50c29e0e.tar.gz
- completed:
    name: hs-opentelemetry-otlp
    pantry-tree:
      sha256: 0c8d539041aa65c618e30253c60bfe0f9d07d2b75513770a6c7cbea36a82b14d
      size: 3556
    sha256: 10a4e1213b6ff743a2d6ebe6d6ba49fc1fd09a46b291dbac6682db53fe383cbd
    size: 633938
    subdir: otlp
    url: https://github.com/iand675/hs-opentelemetry/archive/adc464b0a45e56a983fa1441be6e432b50c29e0e.tar.gz
    version: 0.1.1.0
  original:
    subdir: otlp
    url: https://github.com/iand675/hs-opentelemetry/archive/adc464b0a45e56a983fa1441be6e432b50c29e0e.tar.gz
- completed:
    name: hs-opentelemetry-exporter-otlp
    pantry-tree:
      sha256: 7fc98a86d56460051a560ddca7c108c2c99e62e384d868128724f2ca1d6702c1
      size: 664
    sha256: 10a4e1213b6ff743a2d6ebe6d6ba49fc1fd09a46b291dbac6682db53fe383cbd
    size: 633938
    subdir: exporters/otlp
    url: https://github.com/iand675/hs-opentelemetry/archive/adc464b0a45e56a983fa1441be6e432b50c29e0e.tar.gz
    version: 0.1.0.1
  original:
    subdir: exporters/otlp
    url: https://github.com/iand675/hs-opentelemetry/archive/adc464b0a45e56a983fa1441be6e432b50c29e0e.tar.gz
- completed:
    name: hs-opentelemetry-instrumentation-wai
    pantry-tree:
      sha256: 5e71723064061d48f587e59a6abdf69250feec24cdaa46b4bf5b0acb730525f3
      size: 513
    sha256: 10a4e1213b6ff743a2d6ebe6d6ba49fc1fd09a46b291dbac6682db53fe383cbd
    size: 633938
    subdir: instrumentation/wai
    url: https://github.com/iand675/hs-opentelemetry/archive/adc464b0a45e56a983fa1441be6e432b50c29e0e.tar.gz
    version: 0.1.1.0
  original:
    subdir: instrumentation/wai
    url: https://github.com/iand675/hs-opentelemetry/archive/adc464b0a45e56a983fa1441be6e432b50c29e0e.tar.gz
- completed:
    name: hs-opentelemetry-propagator-b3
    pantry-tree:
      sha256: 18ed492facf48b6046fbc438a9e2f2610af9036766442e144ccc74e3de4a178c
      size: 585
    sha256: 10a4e1213b6ff743a2d6ebe6d6ba49fc1fd09a46b291dbac6682db53fe383cbd
    size: 633938
    subdir: propagators/b3
    url: https://github.com/iand675/hs-opentelemetry/archive/adc464b0a45e56a983fa1441be6e432b50c29e0e.tar.gz
    version: 0.0.1.3
  original:
    subdir: propagators/b3
    url: https://github.com/iand675/hs-opentelemetry/archive/adc464b0a45e56a983fa1441be6e432b50c29e0e.tar.gz
- completed:
    name: hs-opentelemetry-propagator-datadog
    pantry-tree:
      sha256: 8d13b3483afa0e8a6f54406a47e5e13cb0ee48394c4aa33ba64b019f71b2201d
      size: 782
    sha256: 10a4e1213b6ff743a2d6ebe6d6ba49fc1fd09a46b291dbac6682db53fe383cbd
    size: 633938
    subdir: propagators/datadog
    url: https://github.com/iand675/hs-opentelemetry/archive/adc464b0a45e56a983fa1441be6e432b50c29e0e.tar.gz
    version: 0.0.1.1
  original:
    subdir: propagators/datadog
    url: https://github.com/iand675/hs-opentelemetry/archive/adc464b0a45e56a983fa1441be6e432b50c29e0e.tar.gz
- completed:
    name: hs-opentelemetry-propagator-w3c
    pantry-tree:
      sha256: 1fc757fb12d75f95269cc34642193e200c31d346bf0f2fc87615e2053f675285
      size: 877
    sha256: 10a4e1213b6ff743a2d6ebe6d6ba49fc1fd09a46b291dbac6682db53fe383cbd
    size: 633938
    subdir: propagators/w3c
    url: https://github.com/iand675/hs-opentelemetry/archive/adc464b0a45e56a983fa1441be6e432b50c29e0e.tar.gz
    version: 0.1.0.0
  original:
    subdir: propagators/w3c
    url: https://github.com/iand675/hs-opentelemetry/archive/adc464b0a45e56a983fa1441be6e432b50c29e0e.tar.gz
- completed:
    name: hs-opentelemetry-instrumentation-hspec
    pantry-tree:
      sha256: 3c5115367cd788432fb2376be53ed646569100b2ff1b978406167cb1cba446dc
      size: 518
    sha256: 10a4e1213b6ff743a2d6ebe6d6ba49fc1fd09a46b291dbac6682db53fe383cbd
    size: 633938
    subdir: instrumentation/hspec
    url: https://github.com/iand675/hs-opentelemetry/archive/adc464b0a45e56a983fa1441be6e432b50c29e0e.tar.gz
    version: 0.0.1.2
  original:
    subdir: instrumentation/hspec
    url: https://github.com/iand675/hs-opentelemetry/archive/adc464b0a45e56a983fa1441be6e432b50c29e0e.tar.gz
- completed:
    hackage: thread-utils-context-0.3.0.4@sha256:e763da1c6cab3b6d378fb670ca74aa9bf03c9b61b6fcf7628c56363fb0e3e71e,1671
    pantry-tree:
      sha256: 57d909a991b5e0b4c7a28121cb52ee9c2db6c09e0419b89af6c82fae52be88d4
      size: 397
  original:
    hackage: thread-utils-context-0.3.0.4@sha256:e763da1c6cab3b6d378fb670ca74aa9bf03c9b61b6fcf7628c56363fb0e3e71e,1671
- completed:
    hackage: thread-utils-finalizers-0.1.1.0@sha256:24944b71d9f1d01695a5908b4a3b44838fab870883114a323336d537995e0a5b,1381
    pantry-tree:
      sha256: 8c2c2e2e22c20bf3696ee6f30b50b3a9eeae187a22beb536441eefb0a3f9c549
      size: 400
  original:
    hackage: thread-utils-finalizers-0.1.1.0@sha256:24944b71d9f1d01695a5908b4a3b44838fab870883114a323336d537995e0a5b,1381
- completed:
    hackage: hashtables-1.4.2@sha256:4940cab94a15d469845ccf5225f9cb3d354c15e8127ebb58425c8b681f7721d9,10386
    pantry-tree:
      sha256: 65107f0c970351b971ea1f676a5e00b61e37c298a4c83c867d937f2a774501eb
      size: 2895
  original:
    hackage: hashtables-1.4.2@sha256:4940cab94a15d469845ccf5225f9cb3d354c15e8127ebb58425c8b681f7721d9,10386
snapshots:
- completed:
    sha256: 238fa745b64f91184f9aa518fe04bdde6552533d169b0da5256670df83a0f1a9
    size: 721141
    url: https://raw.githubusercontent.com/commercialhaskell/stackage-snapshots/master/lts/22/44.yaml
  original: lts-22.44
